
Microsoft Visual Studio Solution File, Format Version 12.00
# Visual Studio Version 17
VisualStudioVersion = 17.8.34316.72
MinimumVisualStudioVersion = 10.0.40219.1
Project("{FAE04EC0-301F-11D3-BF4B-00C04F79EFBC}") = "SendGrid", "SendGrid\SendGrid.csproj", "{7AC56F7F-5887-4614-AD30-EA4185CD3858}"
EndProject
Global
	GlobalSection(SolutionConfigurationPlatforms) = preSolution
		Debug|Any CPU = Debug|Any CPU
		Release|Any CPU = Release|Any CPU
	EndGlobalSection
	GlobalSection(ProjectConfigurationPlatforms) = postSolution
		{7AC56F7F-5887-4614-AD30-EA4185CD3858}.Debug|Any CPU.ActiveCfg = Debug|Any CPU
		{7AC56F7F-5887-4614-AD30-EA4185CD3858}.Debug|Any CPU.Build.0 = Debug|Any CPU
		{7AC56F7F-5887-4614-AD30-EA4185CD3858}.Release|Any CPU.ActiveCfg = Release|Any CPU
		{7AC56F7F-5887-4614-AD30-EA4185CD3858}.Release|Any CPU.Build.0 = Release|Any CPU
	EndGlobalSection
	GlobalSection(SolutionProperties) = preSolution
		HideSolutionNode = FALSE
	EndGlobalSection
	GlobalSection(ExtensibilityGlobals) = postSolution
		SolutionGuid = {B2455DF9-14F5-40F0-A05C-C8FA7591024B}
	EndGlobalSection
EndGlobal
